// !$*UTF8*$!
{
	archiveVersion = 1;
	classes = {
	};
	objectVersion = 51;
	objects = {

/* Begin PBXBuildFile section */
		30DDC1429E5A3233A17A39E3 /* Pods_WH_iOS.framework in Frameworks */ = {isa = PBXBuildFile; fileRef = 741E15A92FEEEEAD5D3713DC /* Pods_WH_iOS.framework */; };
		9F1FB0422602F9CF000C8C15 /* AppDelegate.swift in Sources */ = {isa = PBXBuildFile; fileRef = 9F1FB0412602F9CF000C8C15 /* AppDelegate.swift */; };
		9F1FB0442602F9CF000C8C15 /* SceneDelegate.swift in Sources */ = {isa = PBXBuildFile; fileRef = 9F1FB0432602F9CF000C8C15 /* SceneDelegate.swift */; };
		9F1FB0492602F9CF000C8C15 /* Main.storyboard in Resources */ = {isa = PBXBuildFile; fileRef = 9F1FB0472602F9CF000C8C15 /* Main.storyboard */; };
		9F1FB04B2602F9D3000C8C15 /* Assets.xcassets in Resources */ = {isa = PBXBuildFile; fileRef = 9F1FB04A2602F9D3000C8C15 /* Assets.xcassets */; };
		9F1FB04E2602F9D3000C8C15 /* LaunchScreen.storyboard in Resources */ = {isa = PBXBuildFile; fileRef = 9F1FB04C2602F9D3000C8C15 /* LaunchScreen.storyboard */; };
		9F6BEBA62627D669000BC386 /* ProfileViewModel.swift in Sources */ = {isa = PBXBuildFile; fileRef = 9F6BEBA52627D669000BC386 /* ProfileViewModel.swift */; };
		9F6BEBA92627D73E000BC386 /* ProfileModel.swift in Sources */ = {isa = PBXBuildFile; fileRef = 9F6BEBA82627D73E000BC386 /* ProfileModel.swift */; };
		9F6BEBAF26284300000BC386 /* MainViewModel.swift in Sources */ = {isa = PBXBuildFile; fileRef = 9F6BEBAE262842FF000BC386 /* MainViewModel.swift */; };
		9F6BEBB226284688000BC386 /* MainModel.swift in Sources */ = {isa = PBXBuildFile; fileRef = 9F6BEBB126284688000BC386 /* MainModel.swift */; };
		9F8311D0262EEF20005B484E /* DetailViewModel.swift in Sources */ = {isa = PBXBuildFile; fileRef = 9F8311CF262EEF20005B484E /* DetailViewModel.swift */; };
		9F8311D9262FF2EF005B484E /* DetailViewController.swift in Sources */ = {isa = PBXBuildFile; fileRef = 9F8311D8262FF2EF005B484E /* DetailViewController.swift */; };
		9F8311DC262FF31B005B484E /* ProfileViewController.swift in Sources */ = {isa = PBXBuildFile; fileRef = 9F8311DB262FF31B005B484E /* ProfileViewController.swift */; };
		9F839B2C26437AE50062089C /* DetailCell.swift in Sources */ = {isa = PBXBuildFile; fileRef = 9F839B2A26437AE50062089C /* DetailCell.swift */; };
		9F839B2D26437AE50062089C /* DetailCell.xib in Resources */ = {isa = PBXBuildFile; fileRef = 9F839B2B26437AE50062089C /* DetailCell.xib */; };
		9F839B2F2643D57D0062089C /* PostViewModel.swift in Sources */ = {isa = PBXBuildFile; fileRef = 9F839B2E2643D57C0062089C /* PostViewModel.swift */; };
		9F839B312643D5AD0062089C /* PostModel.swift in Sources */ = {isa = PBXBuildFile; fileRef = 9F839B302643D5AD0062089C /* PostModel.swift */; };
		9F84033D2611E0BD00F6973B /* MainCell.swift in Sources */ = {isa = PBXBuildFile; fileRef = 9F84033B2611E0BD00F6973B /* MainCell.swift */; };
		9F84033E2611E0BD00F6973B /* MainCell.xib in Resources */ = {isa = PBXBuildFile; fileRef = 9F84033C2611E0BD00F6973B /* MainCell.xib */; };
		9F8403412611E99200F6973B /* UITextField.swift in Sources */ = {isa = PBXBuildFile; fileRef = 9F8403402611E99100F6973B /* UITextField.swift */; };
		9F840368261301A900F6973B /* Service.swift in Sources */ = {isa = PBXBuildFile; fileRef = 9F840367261301A900F6973B /* Service.swift */; };
		9F84038A2613076400F6973B /* UIViewController.swift in Sources */ = {isa = PBXBuildFile; fileRef = 9F8403892613076400F6973B /* UIViewController.swift */; };
		9F84048C26156B0700F6973B /* PostViewController.swift in Sources */ = {isa = PBXBuildFile; fileRef = 9F84048B26156B0700F6973B /* PostViewController.swift */; };
		9F8404902616019D00F6973B /* MainViewController.swift in Sources */ = {isa = PBXBuildFile; fileRef = 9F84048F2616019C00F6973B /* MainViewController.swift */; };
		9F8404932616025200F6973B /* SignInViewController.swift in Sources */ = {isa = PBXBuildFile; fileRef = 9F8404922616025200F6973B /* SignInViewController.swift */; };
		9F8404962616027200F6973B /* SignUpViewController.swift in Sources */ = {isa = PBXBuildFile; fileRef = 9F8404952616027100F6973B /* SignUpViewController.swift */; };
		9F88CEBF261E83E80081BB5C /* TokenManager.swift in Sources */ = {isa = PBXBuildFile; fileRef = 9F88CEBE261E83E80081BB5C /* TokenManager.swift */; };
		9F88CEC4261E84350081BB5C /* SignUpViewModel.swift in Sources */ = {isa = PBXBuildFile; fileRef = 9F88CEC3261E84350081BB5C /* SignUpViewModel.swift */; };
		9F88CED5261E9D550081BB5C /* TokenModel.swift in Sources */ = {isa = PBXBuildFile; fileRef = 9F88CED4261E9D540081BB5C /* TokenModel.swift */; };
		9F88CED9261EA51D0081BB5C /* StoregaeManager.swift in Sources */ = {isa = PBXBuildFile; fileRef = 9F88CED8261EA51D0081BB5C /* StoregaeManager.swift */; };
		9F88CF2D2625B2850081BB5C /* SignInViewModel.swift in Sources */ = {isa = PBXBuildFile; fileRef = 9F88CF2C2625B2840081BB5C /* SignInViewModel.swift */; };
		9FC9CA652678435700A76551 /* SignInReactor.swift in Sources */ = {isa = PBXBuildFile; fileRef = 9FC9CA642678435700A76551 /* SignInReactor.swift */; };
		9FC9CA6826797F5400A76551 /* WhereHairFlow.swift in Sources */ = {isa = PBXBuildFile; fileRef = 9FC9CA6726797F5400A76551 /* WhereHairFlow.swift */; };
		9FE4A103260AE2A200D668F0 /* UIColor.swift in Sources */ = {isa = PBXBuildFile; fileRef = 9FE4A102260AE2A200D668F0 /* UIColor.swift */; };
		9FE4A10A260AE2B700D668F0 /* WhereHairAPI.swift in Sources */ = {isa = PBXBuildFile; fileRef = 9FE4A109260AE2B700D668F0 /* WhereHairAPI.swift */; };
		9FE4A110260AE2D300D668F0 /* ViewModelType.swift in Sources */ = {isa = PBXBuildFile; fileRef = 9FE4A10F260AE2D300D668F0 /* ViewModelType.swift */; };
/* End PBXBuildFile section */

/* Begin PBXFileReference section */
		741E15A92FEEEEAD5D3713DC /* Pods_WH_iOS.framework */ = {isa = PBXFileReference; explicitFileType = wrapper.framework; includeInIndex = 0; path = Pods_WH_iOS.framework; sourceTree = BUILT_PRODUCTS_DIR; };
		9F1FB03E2602F9CF000C8C15 /* WH-iOS.app */ = {isa = PBXFileReference; explicitFileType = wrapper.application; includeInIndex = 0; path = "WH-iOS.app"; sourceTree = BUILT_PRODUCTS_DIR; };
		9F1FB0412602F9CF000C8C15 /* AppDelegate.swift */ = {isa = PBXFileReference; lastKnownFileType = sourcecode.swift; path = AppDelegate.swift; sourceTree = "<group>"; };
		9F1FB0432602F9CF000C8C15 /* SceneDelegate.swift */ = {isa = PBXFileReference; lastKnownFileType = sourcecode.swift; path = SceneDelegate.swift; sourceTree = "<group>"; };
		9F1FB0482602F9CF000C8C15 /* Base */ = {isa = PBXFileReference; lastKnownFileType = file.storyboard; name = Base; path = Base.lproj/Main.storyboard; sourceTree = "<group>"; };
		9F1FB04A2602F9D3000C8C15 /* Assets.xcassets */ = {isa = PBXFileReference; lastKnownFileType = folder.assetcatalog; path = Assets.xcassets; sourceTree = "<group>"; };
		9F1FB04D2602F9D3000C8C15 /* Base */ = {isa = PBXFileReference; lastKnownFileType = file.storyboard; name = Base; path = Base.lproj/LaunchScreen.storyboard; sourceTree = "<group>"; };
		9F1FB04F2602F9D3000C8C15 /* Info.plist */ = {isa = PBXFileReference; lastKnownFileType = text.plist.xml; path = Info.plist; sourceTree = "<group>"; };
		9F6BEBA52627D669000BC386 /* ProfileViewModel.swift */ = {isa = PBXFileReference; lastKnownFileType = sourcecode.swift; path = ProfileViewModel.swift; sourceTree = "<group>"; };
		9F6BEBA82627D73E000BC386 /* ProfileModel.swift */ = {isa = PBXFileReference; lastKnownFileType = sourcecode.swift; path = ProfileModel.swift; sourceTree = "<group>"; };
		9F6BEBAE262842FF000BC386 /* MainViewModel.swift */ = {isa = PBXFileReference; lastKnownFileType = sourcecode.swift; path = MainViewModel.swift; sourceTree = "<group>"; };
		9F6BEBB126284688000BC386 /* MainModel.swift */ = {isa = PBXFileReference; lastKnownFileType = sourcecode.swift; path = MainModel.swift; sourceTree = "<group>"; };
		9F8311CF262EEF20005B484E /* DetailViewModel.swift */ = {isa = PBXFileReference; lastKnownFileType = sourcecode.swift; path = DetailViewModel.swift; sourceTree = "<group>"; };
		9F8311D8262FF2EF005B484E /* DetailViewController.swift */ = {isa = PBXFileReference; lastKnownFileType = sourcecode.swift; path = DetailViewController.swift; sourceTree = "<group>"; };
		9F8311DB262FF31B005B484E /* ProfileViewController.swift */ = {isa = PBXFileReference; lastKnownFileType = sourcecode.swift; path = ProfileViewController.swift; sourceTree = "<group>"; };
		9F839B2A26437AE50062089C /* DetailCell.swift */ = {isa = PBXFileReference; lastKnownFileType = sourcecode.swift; path = DetailCell.swift; sourceTree = "<group>"; };
		9F839B2B26437AE50062089C /* DetailCell.xib */ = {isa = PBXFileReference; lastKnownFileType = file.xib; path = DetailCell.xib; sourceTree = "<group>"; };
		9F839B2E2643D57C0062089C /* PostViewModel.swift */ = {isa = PBXFileReference; lastKnownFileType = sourcecode.swift; path = PostViewModel.swift; sourceTree = "<group>"; };
		9F839B302643D5AD0062089C /* PostModel.swift */ = {isa = PBXFileReference; lastKnownFileType = sourcecode.swift; path = PostModel.swift; sourceTree = "<group>"; };
		9F840316260C9E2A00F6973B /* NanumSquareRoundB.ttf */ = {isa = PBXFileReference; lastKnownFileType = file; path = NanumSquareRoundB.ttf; sourceTree = "<group>"; };
		9F840317260C9E3700F6973B /* NanumSquareRoundR.ttf */ = {isa = PBXFileReference; lastKnownFileType = file; path = NanumSquareRoundR.ttf; sourceTree = "<group>"; };
		9F840318260C9E3700F6973B /* NanumSquareRoundEB.ttf */ = {isa = PBXFileReference; lastKnownFileType = file; path = NanumSquareRoundEB.ttf; sourceTree = "<group>"; };
		9F840319260C9E3800F6973B /* NanumSquareRoundL.ttf */ = {isa = PBXFileReference; lastKnownFileType = file; path = NanumSquareRoundL.ttf; sourceTree = "<group>"; };
		9F84033B2611E0BD00F6973B /* MainCell.swift */ = {isa = PBXFileReference; lastKnownFileType = sourcecode.swift; path = MainCell.swift; sourceTree = "<group>"; };
		9F84033C2611E0BD00F6973B /* MainCell.xib */ = {isa = PBXFileReference; lastKnownFileType = file.xib; path = MainCell.xib; sourceTree = "<group>"; };
		9F8403402611E99100F6973B /* UITextField.swift */ = {isa = PBXFileReference; lastKnownFileType = sourcecode.swift; path = UITextField.swift; sourceTree = "<group>"; };
		9F840367261301A900F6973B /* Service.swift */ = {isa = PBXFileReference; lastKnownFileType = sourcecode.swift; path = Service.swift; sourceTree = "<group>"; };
		9F8403892613076400F6973B /* UIViewController.swift */ = {isa = PBXFileReference; lastKnownFileType = sourcecode.swift; path = UIViewController.swift; sourceTree = "<group>"; };
		9F84048B26156B0700F6973B /* PostViewController.swift */ = {isa = PBXFileReference; lastKnownFileType = sourcecode.swift; path = PostViewController.swift; sourceTree = "<group>"; };
		9F84048F2616019C00F6973B /* MainViewController.swift */ = {isa = PBXFileReference; lastKnownFileType = sourcecode.swift; path = MainViewController.swift; sourceTree = "<group>"; };
		9F8404922616025200F6973B /* SignInViewController.swift */ = {isa = PBXFileReference; lastKnownFileType = sourcecode.swift; path = SignInViewController.swift; sourceTree = "<group>"; };
		9F8404952616027100F6973B /* SignUpViewController.swift */ = {isa = PBXFileReference; lastKnownFileType = sourcecode.swift; path = SignUpViewController.swift; sourceTree = "<group>"; };
		9F88CEBE261E83E80081BB5C /* TokenManager.swift */ = {isa = PBXFileReference; lastKnownFileType = sourcecode.swift; path = TokenManager.swift; sourceTree = "<group>"; };
		9F88CEC3261E84350081BB5C /* SignUpViewModel.swift */ = {isa = PBXFileReference; lastKnownFileType = sourcecode.swift; path = SignUpViewModel.swift; sourceTree = "<group>"; };
		9F88CED4261E9D540081BB5C /* TokenModel.swift */ = {isa = PBXFileReference; lastKnownFileType = sourcecode.swift; path = TokenModel.swift; sourceTree = "<group>"; };
		9F88CED8261EA51D0081BB5C /* StoregaeManager.swift */ = {isa = PBXFileReference; lastKnownFileType = sourcecode.swift; path = StoregaeManager.swift; sourceTree = "<group>"; };
		9F88CF2C2625B2840081BB5C /* SignInViewModel.swift */ = {isa = PBXFileReference; lastKnownFileType = sourcecode.swift; path = SignInViewModel.swift; sourceTree = "<group>"; };
		9FC9CA642678435700A76551 /* SignInReactor.swift */ = {isa = PBXFileReference; lastKnownFileType = sourcecode.swift; path = SignInReactor.swift; sourceTree = "<group>"; };
		9FC9CA6726797F5400A76551 /* WhereHairFlow.swift */ = {isa = PBXFileReference; lastKnownFileType = sourcecode.swift; path = WhereHairFlow.swift; sourceTree = "<group>"; };
		9FE4A102260AE2A200D668F0 /* UIColor.swift */ = {isa = PBXFileReference; lastKnownFileType = sourcecode.swift; path = UIColor.swift; sourceTree = "<group>"; };
		9FE4A109260AE2B700D668F0 /* WhereHairAPI.swift */ = {isa = PBXFileReference; lastKnownFileType = sourcecode.swift; path = WhereHairAPI.swift; sourceTree = "<group>"; };
		9FE4A10F260AE2D300D668F0 /* ViewModelType.swift */ = {isa = PBXFileReference; lastKnownFileType = sourcecode.swift; path = ViewModelType.swift; sourceTree = "<group>"; };
		B01D959B9065112695FE0ED9 /* Pods-WH-iOS.debug.xcconfig */ = {isa = PBXFileReference; includeInIndex = 1; lastKnownFileType = text.xcconfig; name = "Pods-WH-iOS.debug.xcconfig"; path = "Target Support Files/Pods-WH-iOS/Pods-WH-iOS.debug.xcconfig"; sourceTree = "<group>"; };
		F58EDCE79566684E70BAF006 /* Pods-WH-iOS.release.xcconfig */ = {isa = PBXFileReference; includeInIndex = 1; lastKnownFileType = text.xcconfig; name = "Pods-WH-iOS.release.xcconfig"; path = "Target Support Files/Pods-WH-iOS/Pods-WH-iOS.release.xcconfig"; sourceTree = "<group>"; };
/* End PBXFileReference section */

/* Begin PBXFrameworksBuildPhase section */
		9F1FB03B2602F9CF000C8C15 /* Frameworks */ = {
			isa = PBXFrameworksBuildPhase;
			buildActionMask = 2147483647;
			files = (
				30DDC1429E5A3233A17A39E3 /* Pods_WH_iOS.framework in Frameworks */,
			);
			runOnlyForDeploymentPostprocessing = 0;
		};
/* End PBXFrameworksBuildPhase section */

/* Begin PBXGroup section */
		36FBD3F78DC11AE0C28571A8 /* Pods */ = {
			isa = PBXGroup;
			children = (
				B01D959B9065112695FE0ED9 /* Pods-WH-iOS.debug.xcconfig */,
				F58EDCE79566684E70BAF006 /* Pods-WH-iOS.release.xcconfig */,
			);
			path = Pods;
			sourceTree = "<group>";
		};
		7CA93750DB1919ABA174B10C /* Frameworks */ = {
			isa = PBXGroup;
			children = (
				741E15A92FEEEEAD5D3713DC /* Pods_WH_iOS.framework */,
			);
			name = Frameworks;
			sourceTree = "<group>";
		};
		9F1FB0352602F9CF000C8C15 = {
			isa = PBXGroup;
			children = (
				9F1FB0402602F9CF000C8C15 /* WH-iOS */,
				9F1FB03F2602F9CF000C8C15 /* Products */,
				36FBD3F78DC11AE0C28571A8 /* Pods */,
				7CA93750DB1919ABA174B10C /* Frameworks */,
			);
			sourceTree = "<group>";
		};
		9F1FB03F2602F9CF000C8C15 /* Products */ = {
			isa = PBXGroup;
			children = (
				9F1FB03E2602F9CF000C8C15 /* WH-iOS.app */,
			);
			name = Products;
			sourceTree = "<group>";
		};
		9F1FB0402602F9CF000C8C15 /* WH-iOS */ = {
			isa = PBXGroup;
			children = (
				9FE4A0FA260AE21F00D668F0 /* Resource */,
				9FE4A0F9260AE21800D668F0 /* Source */,
				9FE4A0F7260AE1F700D668F0 /* Supporting Files */,
			);
			path = "WH-iOS";
			sourceTree = "<group>";
		};
		9F84031A260C9E5F00F6973B /* Font */ = {
			isa = PBXGroup;
			children = (
				9F840316260C9E2A00F6973B /* NanumSquareRoundB.ttf */,
				9F840317260C9E3700F6973B /* NanumSquareRoundR.ttf */,
				9F840319260C9E3800F6973B /* NanumSquareRoundL.ttf */,
				9F840318260C9E3700F6973B /* NanumSquareRoundEB.ttf */,
			);
			path = Font;
			sourceTree = "<group>";
		};
		9F8403362611DFD200F6973B /* Util */ = {
			isa = PBXGroup;
			children = (
				9F84033B2611E0BD00F6973B /* MainCell.swift */,
				9F84033C2611E0BD00F6973B /* MainCell.xib */,
				9F839B2A26437AE50062089C /* DetailCell.swift */,
				9F839B2B26437AE50062089C /* DetailCell.xib */,
			);
			path = Util;
			sourceTree = "<group>";
		};
		9F85846926750917007A5B49 /* Modules */ = {
			isa = PBXGroup;
			children = (
				9F85846E26750956007A5B49 /* Detail */,
				9F85846D26750945007A5B49 /* Post */,
				9F85846C2675093F007A5B49 /* Profile */,
				9F85846B26750939007A5B49 /* Main */,
				9F85846A2675092C007A5B49 /* Auth */,
			);
			path = Modules;
			sourceTree = "<group>";
		};
		9F85846A2675092C007A5B49 /* Auth */ = {
			isa = PBXGroup;
			children = (
				9F8404952616027100F6973B /* SignUpViewController.swift */,
				9F8404922616025200F6973B /* SignInViewController.swift */,
				9FC9CA642678435700A76551 /* SignInReactor.swift */,
			);
			path = Auth;
			sourceTree = "<group>";
		};
		9F85846B26750939007A5B49 /* Main */ = {
			isa = PBXGroup;
			children = (
				9F84048F2616019C00F6973B /* MainViewController.swift */,
			);
			path = Main;
			sourceTree = "<group>";
		};
		9F85846C2675093F007A5B49 /* Profile */ = {
			isa = PBXGroup;
			children = (
				9F8311DB262FF31B005B484E /* ProfileViewController.swift */,
			);
			path = Profile;
			sourceTree = "<group>";
		};
		9F85846D26750945007A5B49 /* Post */ = {
			isa = PBXGroup;
			children = (
				9F84048B26156B0700F6973B /* PostViewController.swift */,
			);
			path = Post;
			sourceTree = "<group>";
		};
		9F85846E26750956007A5B49 /* Detail */ = {
			isa = PBXGroup;
			children = (
				9F8311D8262FF2EF005B484E /* DetailViewController.swift */,
			);
			path = Detail;
			sourceTree = "<group>";
		};
		9F88CEBD261E833C0081BB5C /* Manager */ = {
			isa = PBXGroup;
			children = (
				9F88CEBE261E83E80081BB5C /* TokenManager.swift */,
				9F88CED8261EA51D0081BB5C /* StoregaeManager.swift */,
			);
			path = Manager;
			sourceTree = "<group>";
		};
		9FC9CA6626797F2800A76551 /* Flow */ = {
			isa = PBXGroup;
			children = (
				9FC9CA6726797F5400A76551 /* WhereHairFlow.swift */,
			);
			path = Flow;
			sourceTree = "<group>";
		};
		9FE4A0F7260AE1F700D668F0 /* Supporting Files */ = {
			isa = PBXGroup;
			children = (
				9F1FB04F2602F9D3000C8C15 /* Info.plist */,
			);
			path = "Supporting Files";
			sourceTree = "<group>";
		};
		9FE4A0F9260AE21800D668F0 /* Source */ = {
			isa = PBXGroup;
			children = (
				9FC9CA6626797F2800A76551 /* Flow */,
				9F85846926750917007A5B49 /* Modules */,
				9F88CEBD261E833C0081BB5C /* Manager */,
				9F8403362611DFD200F6973B /* Util */,
				9FE4A100260AE26600D668F0 /* Application */,
				9FE4A101260AE27100D668F0 /* Extension */,
				9FE4A0FF260AE26000D668F0 /* Model */,
				9FE4A0FE260AE25500D668F0 /* Networking */,
				9FE4A0FD260AE24900D668F0 /* Service */,
				9FE4A0FB260AE23700D668F0 /* ViewModel */,
			);
			path = Source;
			sourceTree = "<group>";
		};
		9FE4A0FA260AE21F00D668F0 /* Resource */ = {
			isa = PBXGroup;
			children = (
				9F84031A260C9E5F00F6973B /* Font */,
				9F1FB04C2602F9D3000C8C15 /* LaunchScreen.storyboard */,
				9F1FB0472602F9CF000C8C15 /* Main.storyboard */,
				9F1FB04A2602F9D3000C8C15 /* Assets.xcassets */,
			);
			path = Resource;
			sourceTree = "<group>";
		};
		9FE4A0FB260AE23700D668F0 /* ViewModel */ = {
			isa = PBXGroup;
			children = (
				9FE4A10F260AE2D300D668F0 /* ViewModelType.swift */,
				9F88CEC3261E84350081BB5C /* SignUpViewModel.swift */,
				9F88CF2C2625B2840081BB5C /* SignInViewModel.swift */,
				9F6BEBA52627D669000BC386 /* ProfileViewModel.swift */,
				9F6BEBAE262842FF000BC386 /* MainViewModel.swift */,
				9F8311CF262EEF20005B484E /* DetailViewModel.swift */,
				9F839B2E2643D57C0062089C /* PostViewModel.swift */,
			);
			path = ViewModel;
			sourceTree = "<group>";
		};
		9FE4A0FD260AE24900D668F0 /* Service */ = {
			isa = PBXGroup;
			children = (
				9F840367261301A900F6973B /* Service.swift */,
			);
			path = Service;
			sourceTree = "<group>";
		};
		9FE4A0FE260AE25500D668F0 /* Networking */ = {
			isa = PBXGroup;
			children = (
				9FE4A109260AE2B700D668F0 /* WhereHairAPI.swift */,
			);
			path = Networking;
			sourceTree = "<group>";
		};
		9FE4A0FF260AE26000D668F0 /* Model */ = {
			isa = PBXGroup;
			children = (
				9F88CED4261E9D540081BB5C /* TokenModel.swift */,
				9F6BEBA82627D73E000BC386 /* ProfileModel.swift */,
				9F6BEBB126284688000BC386 /* MainModel.swift */,
				9F839B302643D5AD0062089C /* PostModel.swift */,
			);
			path = Model;
			sourceTree = "<group>";
		};
		9FE4A100260AE26600D668F0 /* Application */ = {
			isa = PBXGroup;
			children = (
				9F1FB0412602F9CF000C8C15 /* AppDelegate.swift */,
				9F1FB0432602F9CF000C8C15 /* SceneDelegate.swift */,
			);
			path = Application;
			sourceTree = "<group>";
		};
		9FE4A101260AE27100D668F0 /* Extension */ = {
			isa = PBXGroup;
			children = (
				9FE4A102260AE2A200D668F0 /* UIColor.swift */,
				9F8403402611E99100F6973B /* UITextField.swift */,
				9F8403892613076400F6973B /* UIViewController.swift */,
			);
			path = Extension;
			sourceTree = "<group>";
		};
/* End PBXGroup section */

/* Begin PBXNativeTarget section */
		9F1FB03D2602F9CF000C8C15 /* WH-iOS */ = {
			isa = PBXNativeTarget;
			buildConfigurationList = 9F1FB0522602F9D3000C8C15 /* Build configuration list for PBXNativeTarget "WH-iOS" */;
			buildPhases = (
				B8C9E7ED01B04F7998B8F720 /* [CP] Check Pods Manifest.lock */,
				9F1FB03A2602F9CF000C8C15 /* Sources */,
				9F1FB03B2602F9CF000C8C15 /* Frameworks */,
				9F1FB03C2602F9CF000C8C15 /* Resources */,
				4AD64C0047265CE801ED9CDB /* [CP] Embed Pods Frameworks */,
			);
			buildRules = (
			);
			dependencies = (
			);
			name = "WH-iOS";
			productName = "WH-iOS";
			productReference = 9F1FB03E2602F9CF000C8C15 /* WH-iOS.app */;
			productType = "com.apple.product-type.application";
		};
/* End PBXNativeTarget section */

/* Begin PBXProject section */
		9F1FB0362602F9CF000C8C15 /* Project object */ = {
			isa = PBXProject;
			attributes = {
				LastSwiftUpdateCheck = 1240;
				LastUpgradeCheck = 1240;
				TargetAttributes = {
					9F1FB03D2602F9CF000C8C15 = {
						CreatedOnToolsVersion = 12.4;
					};
				};
			};
			buildConfigurationList = 9F1FB0392602F9CF000C8C15 /* Build configuration list for PBXProject "WH-iOS" */;
			compatibilityVersion = "Xcode 9.3";
			developmentRegion = en;
			hasScannedForEncodings = 0;
			knownRegions = (
				en,
				Base,
			);
			mainGroup = 9F1FB0352602F9CF000C8C15;
			productRefGroup = 9F1FB03F2602F9CF000C8C15 /* Products */;
			projectDirPath = "";
			projectRoot = "";
			targets = (
				9F1FB03D2602F9CF000C8C15 /* WH-iOS */,
			);
		};
/* End PBXProject section */

/* Begin PBXResourcesBuildPhase section */
		9F1FB03C2602F9CF000C8C15 /* Resources */ = {
			isa = PBXResourcesBuildPhase;
			buildActionMask = 2147483647;
			files = (
				9F1FB04E2602F9D3000C8C15 /* LaunchScreen.storyboard in Resources */,
				9F1FB04B2602F9D3000C8C15 /* Assets.xcassets in Resources */,
				9F84033E2611E0BD00F6973B /* MainCell.xib in Resources */,
				9F1FB0492602F9CF000C8C15 /* Main.storyboard in Resources */,
				9F839B2D26437AE50062089C /* DetailCell.xib in Resources */,
			);
			runOnlyForDeploymentPostprocessing = 0;
		};
/* End PBXResourcesBuildPhase section */

/* Begin PBXShellScriptBuildPhase section */
		4AD64C0047265CE801ED9CDB /* [CP] Embed Pods Frameworks */ = {
			isa = PBXShellScriptBuildPhase;
			buildActionMask = 2147483647;
			files = (
			);
			inputFileListPaths = (
				"${PODS_ROOT}/Target Support Files/Pods-WH-iOS/Pods-WH-iOS-frameworks-${CONFIGURATION}-input-files.xcfilelist",
			);
			name = "[CP] Embed Pods Frameworks";
			outputFileListPaths = (
				"${PODS_ROOT}/Target Support Files/Pods-WH-iOS/Pods-WH-iOS-frameworks-${CONFIGURATION}-output-files.xcfilelist",
			);
			runOnlyForDeploymentPostprocessing = 0;
			shellPath = /bin/sh;
			shellScript = "\"${PODS_ROOT}/Target Support Files/Pods-WH-iOS/Pods-WH-iOS-frameworks.sh\"\n";
			showEnvVarsInLog = 0;
		};
		B8C9E7ED01B04F7998B8F720 /* [CP] Check Pods Manifest.lock */ = {
			isa = PBXShellScriptBuildPhase;
			buildActionMask = 2147483647;
			files = (
			);
			inputFileListPaths = (
			);
			inputPaths = (
				"${PODS_PODFILE_DIR_PATH}/Podfile.lock",
				"${PODS_ROOT}/Manifest.lock",
			);
			name = "[CP] Check Pods Manifest.lock";
			outputFileListPaths = (
			);
			outputPaths = (
				"$(DERIVED_FILE_DIR)/Pods-WH-iOS-checkManifestLockResult.txt",
			);
			runOnlyForDeploymentPostprocessing = 0;
			shellPath = /bin/sh;
			shellScript = "diff \"${PODS_PODFILE_DIR_PATH}/Podfile.lock\" \"${PODS_ROOT}/Manifest.lock\" > /dev/null\nif [ $? != 0 ] ; then\n    # print error to STDERR\n    echo \"error: The sandbox is not in sync with the Podfile.lock. Run 'pod install' or update your CocoaPods installation.\" >&2\n    exit 1\nfi\n# This output is used by Xcode 'outputs' to avoid re-running this script phase.\necho \"SUCCESS\" > \"${SCRIPT_OUTPUT_FILE_0}\"\n";
			showEnvVarsInLog = 0;
		};
/* End PBXShellScriptBuildPhase section */

/* Begin PBXSourcesBuildPhase section */
		9F1FB03A2602F9CF000C8C15 /* Sources */ = {
			isa = PBXSourcesBuildPhase;
			buildActionMask = 2147483647;
			files = (
				9F88CEBF261E83E80081BB5C /* TokenManager.swift in Sources */,
				9F88CED5261E9D550081BB5C /* TokenModel.swift in Sources */,
				9F8311D9262FF2EF005B484E /* DetailViewController.swift in Sources */,
				9F88CEC4261E84350081BB5C /* SignUpViewModel.swift in Sources */,
				9F88CF2D2625B2850081BB5C /* SignInViewModel.swift in Sources */,
				9F8404932616025200F6973B /* SignInViewController.swift in Sources */,
				9F84038A2613076400F6973B /* UIViewController.swift in Sources */,
				9FE4A10A260AE2B700D668F0 /* WhereHairAPI.swift in Sources */,
				9F839B2F2643D57D0062089C /* PostViewModel.swift in Sources */,
				9F8311D0262EEF20005B484E /* DetailViewModel.swift in Sources */,
				9F6BEBB226284688000BC386 /* MainModel.swift in Sources */,
				9F8311DC262FF31B005B484E /* ProfileViewController.swift in Sources */,
				9F839B312643D5AD0062089C /* PostModel.swift in Sources */,
				9F839B2C26437AE50062089C /* DetailCell.swift in Sources */,
				9FE4A103260AE2A200D668F0 /* UIColor.swift in Sources */,
				9F8403412611E99200F6973B /* UITextField.swift in Sources */,
				9F84033D2611E0BD00F6973B /* MainCell.swift in Sources */,
				9F840368261301A900F6973B /* Service.swift in Sources */,
				9F88CED9261EA51D0081BB5C /* StoregaeManager.swift in Sources */,
				9FC9CA6826797F5400A76551 /* WhereHairFlow.swift in Sources */,
				9FC9CA652678435700A76551 /* SignInReactor.swift in Sources */,
				9F84048C26156B0700F6973B /* PostViewController.swift in Sources */,
				9F6BEBA62627D669000BC386 /* ProfileViewModel.swift in Sources */,
				9F6BEBA92627D73E000BC386 /* ProfileModel.swift in Sources */,
				9F8404962616027200F6973B /* SignUpViewController.swift in Sources */,
				9F8404902616019D00F6973B /* MainViewController.swift in Sources */,
				9FE4A110260AE2D300D668F0 /* ViewModelType.swift in Sources */,
				9F1FB0422602F9CF000C8C15 /* AppDelegate.swift in Sources */,
				9F6BEBAF26284300000BC386 /* MainViewModel.swift in Sources */,
				9F1FB0442602F9CF000C8C15 /* SceneDelegate.swift in Sources */,
			);
			runOnlyForDeploymentPostprocessing = 0;
		};
/* End PBXSourcesBuildPhase section */

/* Begin PBXVariantGroup section */
		9F1FB0472602F9CF000C8C15 /* Main.storyboard */ = {
			isa = PBXVariantGroup;
			children = (
				9F1FB0482602F9CF000C8C15 /* Base */,
			);
			name = Main.storyboard;
			sourceTree = "<group>";
		};
		9F1FB04C2602F9D3000C8C15 /* LaunchScreen.storyboard */ = {
			isa = PBXVariantGroup;
			children = (
				9F1FB04D2602F9D3000C8C15 /* Base */,
			);
			name = LaunchScreen.storyboard;
			sourceTree = "<group>";
		};
/* End PBXVariantGroup section */

/* Begin XCBuildConfiguration section */
		9F1FB0502602F9D3000C8C15 /* Debug */ = {
			isa = XCBuildConfiguration;
			buildSettings = {
				ALWAYS_SEARCH_USER_PATHS = NO;
				CLANG_ANALYZER_NONNULL = YES;
				CLANG_ANALYZER_NUMBER_OBJECT_CONVERSION = YES_AGGRESSIVE;
				CLANG_CXX_LANGUAGE_STANDARD = "gnu++14";
				CLANG_CXX_LIBRARY = "libc++";
				CLANG_ENABLE_MODULES = YES;
				CLANG_ENABLE_OBJC_ARC = YES;
				CLANG_ENABLE_OBJC_WEAK = YES;
				CLANG_WARN_BLOCK_CAPTURE_AUTORELEASING = YES;
				CLANG_WARN_BOOL_CONVERSION = YES;
				CLANG_WARN_COMMA = YES;
				CLANG_WARN_CONSTANT_CONVERSION = YES;
				CLANG_WARN_DEPRECATED_OBJC_IMPLEMENTATIONS = YES;
				CLANG_WARN_DIRECT_OBJC_ISA_USAGE = YES_ERROR;
				CLANG_WARN_DOCUMENTATION_COMMENTS = YES;
				CLANG_WARN_EMPTY_BODY = YES;
				CLANG_WARN_ENUM_CONVERSION = YES;
				CLANG_WARN_INFINITE_RECURSION = YES;
				CLANG_WARN_INT_CONVERSION = YES;
				CLANG_WARN_NON_LITERAL_NULL_CONVERSION = YES;
				CLANG_WARN_OBJC_IMPLICIT_RETAIN_SELF = YES;
				CLANG_WARN_OBJC_LITERAL_CONVERSION = YES;
				CLANG_WARN_OBJC_ROOT_CLASS = YES_ERROR;
				CLANG_WARN_QUOTED_INCLUDE_IN_FRAMEWORK_HEADER = YES;
				CLANG_WARN_RANGE_LOOP_ANALYSIS = YES;
				CLANG_WARN_STRICT_PROTOTYPES = YES;
				CLANG_WARN_SUSPICIOUS_MOVE = YES;
				CLANG_WARN_UNGUARDED_AVAILABILITY = YES_AGGRESSIVE;
				CLANG_WARN_UNREACHABLE_CODE = YES;
				CLANG_WARN__DUPLICATE_METHOD_MATCH = YES;
				COPY_PHASE_STRIP = NO;
				DEBUG_INFORMATION_FORMAT = dwarf;
				ENABLE_STRICT_OBJC_MSGSEND = YES;
				ENABLE_TESTABILITY = YES;
				GCC_C_LANGUAGE_STANDARD = gnu11;
				GCC_DYNAMIC_NO_PIC = NO;
				GCC_NO_COMMON_BLOCKS = YES;
				GCC_OPTIMIZATION_LEVEL = 0;
				GCC_PREPROCESSOR_DEFINITIONS = (
					"DEBUG=1",
					"$(inherited)",
				);
				GCC_WARN_64_TO_32_BIT_CONVERSION = YES;
				GCC_WARN_ABOUT_RETURN_TYPE = YES_ERROR;
				GCC_WARN_UNDECLARED_SELECTOR = YES;
				GCC_WARN_UNINITIALIZED_AUTOS = YES_AGGRESSIVE;
				GCC_WARN_UNUSED_FUNCTION = YES;
				GCC_WARN_UNUSED_VARIABLE = YES;
				IPHONEOS_DEPLOYMENT_TARGET = 14.4;
				MTL_ENABLE_DEBUG_INFO = INCLUDE_SOURCE;
				MTL_FAST_MATH = YES;
				ONLY_ACTIVE_ARCH = YES;
				SDKROOT = iphoneos;
				SWIFT_ACTIVE_COMPILATION_CONDITIONS = DEBUG;
				SWIFT_OPTIMIZATION_LEVEL = "-Onone";
			};
			name = Debug;
		};
		9F1FB0512602F9D3000C8C15 /* Release */ = {
			isa = XCBuildConfiguration;
			buildSettings = {
				ALWAYS_SEARCH_USER_PATHS = NO;
				CLANG_ANALYZER_NONNULL = YES;
				CLANG_ANALYZER_NUMBER_OBJECT_CONVERSION = YES_AGGRESSIVE;
				CLANG_CXX_LANGUAGE_STANDARD = "gnu++14";
				CLANG_CXX_LIBRARY = "libc++";
				CLANG_ENABLE_MODULES = YES;
				CLANG_ENABLE_OBJC_ARC = YES;
				CLANG_ENABLE_OBJC_WEAK = YES;
				CLANG_WARN_BLOCK_CAPTURE_AUTORELEASING = YES;
				CLANG_WARN_BOOL_CONVERSION = YES;
				CLANG_WARN_COMMA = YES;
				CLANG_WARN_CONSTANT_CONVERSION = YES;
				CLANG_WARN_DEPRECATED_OBJC_IMPLEMENTATIONS = YES;
				CLANG_WARN_DIRECT_OBJC_ISA_USAGE = YES_ERROR;
				CLANG_WARN_DOCUMENTATION_COMMENTS = YES;
				CLANG_WARN_EMPTY_BODY = YES;
				CLANG_WARN_ENUM_CONVERSION = YES;
				CLANG_WARN_INFINITE_RECURSION = YES;
				CLANG_WARN_INT_CONVERSION = YES;
				CLANG_WARN_NON_LITERAL_NULL_CONVERSION = YES;
				CLANG_WARN_OBJC_IMPLICIT_RETAIN_SELF = YES;
				CLANG_WARN_OBJC_LITERAL_CONVERSION = YES;
				CLANG_WARN_OBJC_ROOT_CLASS = YES_ERROR;
				CLANG_WARN_QUOTED_INCLUDE_IN_FRAMEWORK_HEADER = YES;
				CLANG_WARN_RANGE_LOOP_ANALYSIS = YES;
				CLANG_WARN_STRICT_PROTOTYPES = YES;
				CLANG_WARN_SUSPICIOUS_MOVE = YES;
				CLANG_WARN_UNGUARDED_AVAILABILITY = YES_AGGRESSIVE;
				CLANG_WARN_UNREACHABLE_CODE = YES;
				CLANG_WARN__DUPLICATE_METHOD_MATCH = YES;
				COPY_PHASE_STRIP = NO;
				DEBUG_INFORMATION_FORMAT = "dwarf-with-dsym";
				ENABLE_NS_ASSERTIONS = NO;
				ENABLE_STRICT_OBJC_MSGSEND = YES;
				GCC_C_LANGUAGE_STANDARD = gnu11;
				GCC_NO_COMMON_BLOCKS = YES;
				GCC_WARN_64_TO_32_BIT_CONVERSION = YES;
				GCC_WARN_ABOUT_RETURN_TYPE = YES_ERROR;
				GCC_WARN_UNDECLARED_SELECTOR = YES;
				GCC_WARN_UNINITIALIZED_AUTOS = YES_AGGRESSIVE;
				GCC_WARN_UNUSED_FUNCTION = YES;
				GCC_WARN_UNUSED_VARIABLE = YES;
				IPHONEOS_DEPLOYMENT_TARGET = 14.4;
				MTL_ENABLE_DEBUG_INFO = NO;
				MTL_FAST_MATH = YES;
				SDKROOT = iphoneos;
				SWIFT_COMPILATION_MODE = wholemodule;
				SWIFT_OPTIMIZATION_LEVEL = "-O";
				VALIDATE_PRODUCT = YES;
			};
			name = Release;
		};
		9F1FB0532602F9D3000C8C15 /* Debug */ = {
			isa = XCBuildConfiguration;
			baseConfigurationReference = B01D959B9065112695FE0ED9 /* Pods-WH-iOS.debug.xcconfig */;
			buildSettings = {
				ASSETCATALOG_COMPILER_APPICON_NAME = AppIcon;
				ASSETCATALOG_COMPILER_GLOBAL_ACCENT_COLOR_NAME = AccentColor;
				CODE_SIGN_STYLE = Automatic;
				INFOPLIST_FILE = "WH-iOS/Supporting Files/Info.plist";
				LD_RUNPATH_SEARCH_PATHS = (
					"$(inherited)",
					"@executable_path/Frameworks",
				);
				PRODUCT_BUNDLE_IDENTIFIER = "com.WH-iOS";
				PRODUCT_NAME = "$(TARGET_NAME)";
				SWIFT_VERSION = 5.0;
				TARGETED_DEVICE_FAMILY = "1,2";
			};
			name = Debug;
		};
		9F1FB0542602F9D3000C8C15 /* Release */ = {
			isa = XCBuildConfiguration;
			baseConfigurationReference = F58EDCE79566684E70BAF006 /* Pods-WH-iOS.release.xcconfig */;
			buildSettings = {
				ASSETCATALOG_COMPILER_APPICON_NAME = AppIcon;
				ASSETCATALOG_COMPILER_GLOBAL_ACCENT_COLOR_NAME = AccentColor;
				CODE_SIGN_STYLE = Automatic;
				INFOPLIST_FILE = "WH-iOS/Supporting Files/Info.plist";
				LD_RUNPATH_SEARCH_PATHS = (
					"$(inherited)",
					"@executable_path/Frameworks",
				);
				PRODUCT_BUNDLE_IDENTIFIER = "com.WH-iOS";
				PRODUCT_NAME = "$(TARGET_NAME)";
				SWIFT_VERSION = 5.0;
				TARGETED_DEVICE_FAMILY = "1,2";
			};
			name = Release;
		};
/* End XCBuildConfiguration section */

/* Begin XCConfigurationList section */
		9F1FB0392602F9CF000C8C15 /* Build configuration list for PBXProject "WH-iOS" */ = {
			isa = XCConfigurationList;
			buildConfigurations = (
				9F1FB0502602F9D3000C8C15 /* Debug */,
				9F1FB0512602F9D3000C8C15 /* Release */,
			);
			defaultConfigurationIsVisible = 0;
			defaultConfigurationName = Release;
		};
		9F1FB0522602F9D3000C8C15 /* Build configuration list for PBXNativeTarget "WH-iOS" */ = {
			isa = XCConfigurationList;
			buildConfigurations = (
				9F1FB0532602F9D3000C8C15 /* Debug */,
				9F1FB0542602F9D3000C8C15 /* Release */,
			);
			defaultConfigurationIsVisible = 0;
			defaultConfigurationName = Release;
		};
/* End XCConfigurationList section */
	};
	rootObject = 9F1FB0362602F9CF000C8C15 /* Project object */;
}
